
Microsoft Visual Studio Solution File, Format Version 12.00
# Visual Studio Version 17
VisualStudioVersion = 17.13.35828.75 d17.13
MinimumVisualStudioVersion = 10.0.40219.1
Project("{FAE04EC0-301F-11D3-BF4B-00C04F79EFBC}") = "SharpScreenSaver", "SharpScreenSaver.csproj", "{B1BF40FD-BE97-4D3A-8881-90A591846649}"
EndProject
Global
	GlobalSection(SolutionConfigurationPlatforms) = preSolution
		Debug|Any CPU = Debug|Any CPU
		Release|Any CPU = Release|Any CPU
	EndGlobalSection
	GlobalSection(ProjectConfigurationPlatforms) = postSolution
		{B1BF40FD-BE97-4D3A-8881-90A591846649}.Debug|Any CPU.ActiveCfg = Debug|Any CPU
		{B1BF40FD-BE97-4D3A-8881-90A591846649}.Debug|Any CPU.Build.0 = Debug|Any CPU
		{B1BF40FD-BE97-4D3A-8881-90A591846649}.Release|Any CPU.ActiveCfg = Release|Any CPU
		{B1BF40FD-BE97-4D3A-8881-90A591846649}.Release|Any CPU.Build.0 = Release|Any CPU
	EndGlobalSection
	GlobalSection(SolutionProperties) = preSolution
		HideSolutionNode = FALSE
	EndGlobalSection
	GlobalSection(ExtensibilityGlobals) = postSolution
		SolutionGuid = {2E9A97A5-977F-42B6-938D-E5CF78C05240}
	EndGlobalSection
EndGlobal
