
Microsoft Visual Studio Solution File, Format Version 12.00
# Visual Studio Version 17
VisualStudioVersion = 17.13.35828.75
MinimumVisualStudioVersion = 10.0.40219.1
Project("{FAE04EC0-301F-11D3-BF4B-00C04F79EFBC}") = "CodingChallenge", "CodingChallenge.csproj", "{567E7C8E-2202-4C31-A61F-B546C4921D53}"
EndProject
Global
	GlobalSection(SolutionConfigurationPlatforms) = preSolution
		Debug|Any CPU = Debug|Any CPU
		Release|Any CPU = Release|Any CPU
	EndGlobalSection
	GlobalSection(ProjectConfigurationPlatforms) = postSolution
		{567E7C8E-2202-4C31-A61F-B546C4921D53}.Debug|Any CPU.ActiveCfg = Debug|Any CPU
		{567E7C8E-2202-4C31-A61F-B546C4921D53}.Debug|Any CPU.Build.0 = Debug|Any CPU
		{567E7C8E-2202-4C31-A61F-B546C4921D53}.Release|Any CPU.ActiveCfg = Release|Any CPU
		{567E7C8E-2202-4C31-A61F-B546C4921D53}.Release|Any CPU.Build.0 = Release|Any CPU
	EndGlobalSection
	GlobalSection(SolutionProperties) = preSolution
		HideSolutionNode = FALSE
	EndGlobalSection
	GlobalSection(ExtensibilityGlobals) = postSolution
		SolutionGuid = {0B1D0224-D2B7-4FEC-87A9-377AC4CE2064}
	EndGlobalSection
EndGlobal
