
Microsoft Visual Studio Solution File, Format Version 12.00
# Visual Studio Version 17
VisualStudioVersion = 17.13.35828.75 d17.13
MinimumVisualStudioVersion = 10.0.40219.1
Project("{FAE04EC0-301F-11D3-BF4B-00C04F79EFBC}") = "PaintDrawing", "PaintDrawing.csproj", "{842EEAF5-3A7E-4139-A8CE-3331C38C48CC}"
EndProject
Global
	GlobalSection(SolutionConfigurationPlatforms) = preSolution
		Debug|Any CPU = Debug|Any CPU
		Release|Any CPU = Release|Any CPU
	EndGlobalSection
	GlobalSection(ProjectConfigurationPlatforms) = postSolution
		{842EEAF5-3A7E-4139-A8CE-3331C38C48CC}.Debug|Any CPU.ActiveCfg = Debug|Any CPU
		{842EEAF5-3A7E-4139-A8CE-3331C38C48CC}.Debug|Any CPU.Build.0 = Debug|Any CPU
		{842EEAF5-3A7E-4139-A8CE-3331C38C48CC}.Release|Any CPU.ActiveCfg = Release|Any CPU
		{842EEAF5-3A7E-4139-A8CE-3331C38C48CC}.Release|Any CPU.Build.0 = Release|Any CPU
	EndGlobalSection
	GlobalSection(SolutionProperties) = preSolution
		HideSolutionNode = FALSE
	EndGlobalSection
	GlobalSection(ExtensibilityGlobals) = postSolution
		SolutionGuid = {40B8DB5A-E943-40C7-9B11-5729785A1843}
	EndGlobalSection
EndGlobal
